
Microsoft Visual Studio Solution File, Format Version 12.00
# Visual Studio Version 16
VisualStudioVersion = 16.0.29911.84
MinimumVisualStudioVersion = 10.0.40219.1
Project("{FAE04EC0-301F-11D3-BF4B-00C04F79EFBC}") = "CarReportSystem", "CarReportSystem\CarReportSystem.csproj", "{C0BA4742-5659-4D3B-AACA-064555A59F62}"
EndProject
Global
	GlobalSection(SolutionConfigurationPlatforms) = preSolution
		Debug|Any CPU = Debug|Any CPU
		Release|Any CPU = Release|Any CPU
	EndGlobalSection
	GlobalSection(ProjectConfigurationPlatforms) = postSolution
		{C0BA4742-5659-4D3B-AACA-064555A59F62}.Debug|Any CPU.ActiveCfg = Debug|Any CPU
		{C0BA4742-5659-4D3B-AACA-064555A59F62}.Debug|Any CPU.Build.0 = Debug|Any CPU
		{C0BA4742-5659-4D3B-AACA-064555A59F62}.Release|Any CPU.ActiveCfg = Release|Any CPU
		{C0BA4742-5659-4D3B-AACA-064555A59F62}.Release|Any CPU.Build.0 = Release|Any CPU
	EndGlobalSection
	GlobalSection(SolutionProperties) = preSolution
		HideSolutionNode = FALSE
	EndGlobalSection
	GlobalSection(ExtensibilityGlobals) = postSolution
		SolutionGuid = {BB16C338-FF64-41B3-8752-E785ACCA6363}
	EndGlobalSection
EndGlobal
